
Microsoft Visual Studio Solution File, Format Version 12.00
# Visual Studio 15
VisualStudioVersion = 15.0.28010.2016
MinimumVisualStudioVersion = 10.0.40219.1
Project("{FAE04EC0-301F-11D3-BF4B-00C04F79EFBC}") = "DesktopClient", "DesktopClient\DesktopClient.csproj", "{27538B90-36B3-4DA9-87A2-3017857CA3F8}"
EndProject
Project("{FAE04EC0-301F-11D3-BF4B-00C04F79EFBC}") = "WebClient", "WebClient\WebClient.csproj", "{8248138C-94D2-4DFD-8808-B408D263C4A0}"
EndProject
Project("{FAE04EC0-301F-11D3-BF4B-00C04F79EFBC}") = "Common", "Common\Common.csproj", "{ACBDA01F-CAB5-43D8-BC4B-D2945E106C3C}"
EndProject
Project("{9A19103F-16F7-4668-BE54-9A1E7A4F7556}") = "WebAPI", "WebAPI\WebAPI.csproj", "{A01B2650-A7CB-4D86-8A47-951651AAAAE5}"
EndProject
Project("{FAE04EC0-301F-11D3-BF4B-00C04F79EFBC}") = "WPF", "WPF\WPF.csproj", "{30E6CCF7-4BB7-49B4-B0AB-5B9DCDD167E3}"
EndProject
Global
	GlobalSection(SolutionConfigurationPlatforms) = preSolution
		Debug|Any CPU = Debug|Any CPU
		Release|Any CPU = Release|Any CPU
	EndGlobalSection
	GlobalSection(ProjectConfigurationPlatforms) = postSolution
		{27538B90-36B3-4DA9-87A2-3017857CA3F8}.Debug|Any CPU.ActiveCfg = Debug|Any CPU
		{27538B90-36B3-4DA9-87A2-3017857CA3F8}.Debug|Any CPU.Build.0 = Debug|Any CPU
		{27538B90-36B3-4DA9-87A2-3017857CA3F8}.Release|Any CPU.ActiveCfg = Release|Any CPU
		{27538B90-36B3-4DA9-87A2-3017857CA3F8}.Release|Any CPU.Build.0 = Release|Any CPU
		{8248138C-94D2-4DFD-8808-B408D263C4A0}.Debug|Any CPU.ActiveCfg = Debug|Any CPU
		{8248138C-94D2-4DFD-8808-B408D263C4A0}.Debug|Any CPU.Build.0 = Debug|Any CPU
		{8248138C-94D2-4DFD-8808-B408D263C4A0}.Release|Any CPU.ActiveCfg = Release|Any CPU
		{8248138C-94D2-4DFD-8808-B408D263C4A0}.Release|Any CPU.Build.0 = Release|Any CPU
		{ACBDA01F-CAB5-43D8-BC4B-D2945E106C3C}.Debug|Any CPU.ActiveCfg = Debug|Any CPU
		{ACBDA01F-CAB5-43D8-BC4B-D2945E106C3C}.Debug|Any CPU.Build.0 = Debug|Any CPU
		{ACBDA01F-CAB5-43D8-BC4B-D2945E106C3C}.Release|Any CPU.ActiveCfg = Release|Any CPU
		{ACBDA01F-CAB5-43D8-BC4B-D2945E106C3C}.Release|Any CPU.Build.0 = Release|Any CPU
		{A01B2650-A7CB-4D86-8A47-951651AAAAE5}.Debug|Any CPU.ActiveCfg = Debug|Any CPU
		{A01B2650-A7CB-4D86-8A47-951651AAAAE5}.Debug|Any CPU.Build.0 = Debug|Any CPU
		{A01B2650-A7CB-4D86-8A47-951651AAAAE5}.Release|Any CPU.ActiveCfg = Release|Any CPU
		{A01B2650-A7CB-4D86-8A47-951651AAAAE5}.Release|Any CPU.Build.0 = Release|Any CPU
		{30E6CCF7-4BB7-49B4-B0AB-5B9DCDD167E3}.Debug|Any CPU.ActiveCfg = Debug|Any CPU
		{30E6CCF7-4BB7-49B4-B0AB-5B9DCDD167E3}.Debug|Any CPU.Build.0 = Debug|Any CPU
		{30E6CCF7-4BB7-49B4-B0AB-5B9DCDD167E3}.Release|Any CPU.ActiveCfg = Release|Any CPU
		{30E6CCF7-4BB7-49B4-B0AB-5B9DCDD167E3}.Release|Any CPU.Build.0 = Release|Any CPU
	EndGlobalSection
	GlobalSection(SolutionProperties) = preSolution
		HideSolutionNode = FALSE
	EndGlobalSection
	GlobalSection(ExtensibilityGlobals) = postSolution
		SolutionGuid = {7C346FDB-2BB5-4ED3-9AD6-B832721F4E4F}
	EndGlobalSection
EndGlobal
